PODS:
  - Alamofire (4.7.3)
  - CryptoSwift (0.12.0)
  - Differentiator (3.1.0)
  - RxCocoa (4.3.1):
    - RxSwift (~> 4.0)
  - RxDataSources (3.1.0):
    - Differentiator (~> 3.0)
    - RxCocoa (~> 4.0)
    - RxSwift (~> 4.0)
  - RxSwift (4.3.1)

DEPENDENCIES:
  - Alamofire (~> 4.7)
  - CryptoSwift
  - RxCocoa (~> 4.0)
  - RxDataSources
  - RxSwift (~> 4.0)

SPEC REPOS:
  https://github.com/cocoapods/specs.git:
    - Alamofire
    - CryptoSwift
    - Differentiator
    - RxCocoa
    - RxDataSources
    - RxSwift

SPEC CHECKSUMS:
  Alamofire: c7287b6e5d7da964a70935e5db17046b7fde6568
  CryptoSwift: 1c07ca50843dd48bc54e6ea53d7a4dba3b645716
  Differentiator: be49ca3408f0ecfc761e4c7763d20c62be01b9ad
  RxCocoa: 78763c7b07d02455598d9fc3c1ad091a28b73635
  RxDataSources: a843bad90c29817f5923ec8163f4af2de084ceb3
  RxSwift: fe0fd770a43acdb7d0a53da411c9b892e69bb6e4

PODFILE CHECKSUM: 2ef4801b3696112898c3268a50ea8868d75710b5

COCOAPODS: 1.5.3
